
Microsoft Visual Studio Solution File, Format Version 12.00
# Visual Studio Version 17
VisualStudioVersion = 17.8.34330.188
MinimumVisualStudioVersion = 10.0.40219.1
Project("{FAE04EC0-301F-11D3-BF4B-00C04F79EFBC}") = "UmbrellaBoard", "UmbrellaBoard\UmbrellaBoard.csproj", "{79BD60E2-3E19-4885-86F8-34FF8AB94544}"
EndProject
Global
	GlobalSection(SolutionConfigurationPlatforms) = preSolution
		Debug|Any CPU = Debug|Any CPU
		Release|Any CPU = Release|Any CPU
	EndGlobalSection
	GlobalSection(ProjectConfigurationPlatforms) = postSolution
		{79BD60E2-3E19-4885-86F8-34FF8AB94544}.Debug|Any CPU.ActiveCfg = Debug|Any CPU
		{79BD60E2-3E19-4885-86F8-34FF8AB94544}.Debug|Any CPU.Build.0 = Debug|Any CPU
		{79BD60E2-3E19-4885-86F8-34FF8AB94544}.Release|Any CPU.ActiveCfg = Release|Any CPU
		{79BD60E2-3E19-4885-86F8-34FF8AB94544}.Release|Any CPU.Build.0 = Release|Any CPU
	EndGlobalSection
	GlobalSection(SolutionProperties) = preSolution
		HideSolutionNode = FALSE
	EndGlobalSection
	GlobalSection(ExtensibilityGlobals) = postSolution
		SolutionGuid = {45F2DCE3-0415-43C6-8F27-C62CECA49180}
	EndGlobalSection
EndGlobal
